<?xml version="1.0" encoding="utf-8"?>
<Project ToolsVersion="4.0" xmlns="http://schemas.microsoft.com/developer/msbuild/2003">
  <ItemGroup>
    <ClCompile Include="Object.cpp">
      <Filter>Source Files\Core</Filter>
    </ClCompile>
    <ClCompile Include="Mesh.cpp">
      <Filter>Source Files\Core</Filter>
    </ClCompile>
    <ClCompile Include="pch.cpp">
      <Filter>Precompiled Headers</Filter>
    </ClCompile>
    <ClCompile Include="YGLFramework.cpp">
      <Filter>Source Files</Filter>
    </ClCompile>
    <ClCompile Include="Shader.cpp">
      <Filter>Source Files\Core</Filter>
    </ClCompile>
    <ClCompile Include="Scene.cpp">
      <Filter>Source Files\Core</Filter>
    </ClCompile>
    <ClCompile Include="ObjectCamera.cpp">
      <Filter>Source Files\Object</Filter>
    </ClCompile>
    <ClCompile Include="ObjectCameraOrthographic.cpp">
      <Filter>Source Files\Object</Filter>
    </ClCompile>
    <ClCompile Include="ObjectCameraPerspective.cpp">
      <Filter>Source Files\Object</Filter>
    </ClCompile>
    <ClCompile Include="ObjectModel.cpp">
      <Filter>Source Files\Core</Filter>
    </ClCompile>
    <ClCompile Include="Input.cpp">
      <Filter>Source Files\Core</Filter>
    </ClCompile>
    <ClCompile Include="Node.cpp">
      <Filter>Source Files\Core</Filter>
    </ClCompile>
    <ClCompile Include="Texture.cpp">
      <Filter>Source Files\Core</Filter>
    </ClCompile>
    <ClCompile Include="ObjectModelBlend.cpp">
      <Filter>Source Files\Core</Filter>
    </ClCompile>
  </ItemGroup>
  <ItemGroup>
    <ClInclude Include="OBJ_Loader.h">
      <Filter>Source Files\External Tools</Filter>
    </ClInclude>
    <ClInclude Include="Object.h">
      <Filter>Source Files\Core</Filter>
    </ClInclude>
    <ClInclude Include="Mesh.h">
      <Filter>Source Files\Core</Filter>
    </ClInclude>
    <ClInclude Include="pch.h">
      <Filter>Precompiled Headers</Filter>
    </ClInclude>
    <ClInclude Include="YGLFramework.h">
      <Filter>Source Files</Filter>
    </ClInclude>
    <ClInclude Include="Shader.h">
      <Filter>Source Files\Core</Filter>
    </ClInclude>
    <ClInclude Include="YGLMath.hpp">
      <Filter>Source Files\Utility</Filter>
    </ClInclude>
    <ClInclude Include="Scene.h">
      <Filter>Source Files\Core</Filter>
    </ClInclude>
    <ClInclude Include="ObjectCamera.h">
      <Filter>Source Files\Object</Filter>
    </ClInclude>
    <ClInclude Include="ObjectCameraOrthographic.h">
      <Filter>Source Files\Object</Filter>
    </ClInclude>
    <ClInclude Include="ObjectCameraPerspective.h">
      <Filter>Source Files\Object</Filter>
    </ClInclude>
    <ClInclude Include="ObjectModel.h">
      <Filter>Source Files\Core</Filter>
    </ClInclude>
    <ClInclude Include="Input.h">
      <Filter>Source Files\Core</Filter>
    </ClInclude>
    <ClInclude Include="Node.h">
      <Filter>Source Files\Core</Filter>
    </ClInclude>
    <ClInclude Include="stb_image.h">
      <Filter>Source Files\External Tools</Filter>
    </ClInclude>
    <ClInclude Include="Texture.h">
      <Filter>Source Files\Core</Filter>
    </ClInclude>
    <ClInclude Include="ObjectModelBlend.h">
      <Filter>Source Files\Core</Filter>
    </ClInclude>
  </ItemGroup>
  <ItemGroup>
    <Filter Include="Source Files">
      <UniqueIdentifier>{1ecc0732-dc8f-46f3-b144-8035a3d9044d}</UniqueIdentifier>
    </Filter>
    <Filter Include="Source Files\External Tools">
      <UniqueIdentifier>{979dab2d-dd4d-412c-816a-aa30a4805db0}</UniqueIdentifier>
    </Filter>
    <Filter Include="Source Files\Core">
      <UniqueIdentifier>{c549c690-b071-4381-b3d1-801b116a04a4}</UniqueIdentifier>
    </Filter>
    <Filter Include="Source Files\Utility">
      <UniqueIdentifier>{cf52a1bd-a262-4d29-815b-cbb9fc222503}</UniqueIdentifier>
    </Filter>
    <Filter Include="Precompiled Headers">
      <UniqueIdentifier>{2a8d45b6-68bc-47cd-bc1f-c5f8641ea655}</UniqueIdentifier>
    </Filter>
    <Filter Include="Source Files\Object">
      <UniqueIdentifier>{77f0b041-c249-4d44-b41a-1d151442b67f}</UniqueIdentifier>
    </Filter>
  </ItemGroup>
</Project>